<?xml version="1.0" encoding="utf-8"?>
<Project ToolsVersion="4.0" xmlns="http://schemas.microsoft.com/developer/msbuild/2003">
  <ItemGroup>
    <Filter Include="源文件">
      <UniqueIdentifier>{4FC737F1-C7A5-4376-A066-2A32D752A2FF}</UniqueIdentifier>
      <Extensions>cpp;c;cc;cxx;def;odl;idl;hpj;bat;asm;asmx</Extensions>
    </Filter>
    <Filter Include="头文件">
      <UniqueIdentifier>{93995380-89BD-4b04-88EB-625FBE52EBFB}</UniqueIdentifier>
      <Extensions>h;hh;hpp;hxx;hm;inl;inc;xsd</Extensions>
    </Filter>
    <Filter Include="资源文件">
      <UniqueIdentifier>{67DA6AB6-F800-4c08-8B7A-83BB121AAD01}</UniqueIdentifier>
      <Extensions>rc;ico;cur;bmp;dlg;rc2;rct;bin;rgs;gif;jpg;jpeg;jpe;resx;tiff;tif;png;wav;mfcribbon-ms</Extensions>
    </Filter>
    <Filter Include="头文件\Arrays">
      <UniqueIdentifier>{99942a88-ab11-4856-abc1-d40376fd8cdd}</UniqueIdentifier>
    </Filter>
    <Filter Include="头文件\Canvas">
      <UniqueIdentifier>{7031d8f8-638c-46b2-abc1-301149e52324}</UniqueIdentifier>
    </Filter>
    <Filter Include="头文件\ChartObjects">
      <UniqueIdentifier>{197b1e2c-5dcb-48ff-8159-491d87d4103f}</UniqueIdentifier>
    </Filter>
    <Filter Include="头文件\Charts">
      <UniqueIdentifier>{b2c8697f-0dc9-4057-a2cd-b229e1d8325f}</UniqueIdentifier>
    </Filter>
    <Filter Include="头文件\Controls">
      <UniqueIdentifier>{0db16435-f3ac-43c8-b127-8523d7f101cb}</UniqueIdentifier>
    </Filter>
    <Filter Include="头文件\Expert">
      <UniqueIdentifier>{77a9111a-2b78-4b57-bf78-18c8dd3fa4e0}</UniqueIdentifier>
    </Filter>
    <Filter Include="头文件\Files">
      <UniqueIdentifier>{9e48ab72-bc56-4de5-b95c-123b3dfdd177}</UniqueIdentifier>
    </Filter>
    <Filter Include="头文件\Framework">
      <UniqueIdentifier>{fb2ef63d-96e1-42ae-8e57-015aa406ae94}</UniqueIdentifier>
    </Filter>
    <Filter Include="头文件\Indicators">
      <UniqueIdentifier>{acb6ee10-7112-42e5-a065-1d71610b2e8e}</UniqueIdentifier>
    </Filter>
    <Filter Include="头文件\Strings">
      <UniqueIdentifier>{ccd3d4c6-221c-4e7b-a26c-71ac6be6fcac}</UniqueIdentifier>
    </Filter>
    <Filter Include="头文件\Tools">
      <UniqueIdentifier>{085ef86a-8846-43f8-a56f-3dec69f76273}</UniqueIdentifier>
    </Filter>
    <Filter Include="头文件\Trade">
      <UniqueIdentifier>{25587950-e33d-47b1-9a69-e0cdd1ae68dd}</UniqueIdentifier>
    </Filter>
    <Filter Include="头文件\Expert\Money">
      <UniqueIdentifier>{5661fb01-0450-4f0b-bb53-e8def4c036fb}</UniqueIdentifier>
    </Filter>
    <Filter Include="头文件\Expert\Signal">
      <UniqueIdentifier>{efdbdbbf-0922-446b-be42-260a9ec0e946}</UniqueIdentifier>
    </Filter>
    <Filter Include="头文件\Expert\Trading">
      <UniqueIdentifier>{14319084-248d-4dd9-b0c6-666ac81867e5}</UniqueIdentifier>
    </Filter>
  </ItemGroup>
  <ItemGroup>
    <ClInclude Include="AccountInfo.h">
      <Filter>头文件</Filter>
    </ClInclude>
    <ClInclude Include="ArraySeries.h">
      <Filter>头文件</Filter>
    </ClInclude>
    <ClInclude Include="Chart.h">
      <Filter>头文件</Filter>
    </ClInclude>
    <ClInclude Include="CheckUp.h">
      <Filter>头文件</Filter>
    </ClInclude>
    <ClInclude Include="CommonFun.h">
      <Filter>头文件</Filter>
    </ClInclude>
    <ClInclude Include="ConverType.h">
      <Filter>头文件</Filter>
    </ClInclude>
    <ClInclude Include="CustomInd.h">
      <Filter>头文件</Filter>
    </ClInclude>
    <ClInclude Include="DataStructures.h">
      <Filter>头文件</Filter>
    </ClInclude>
    <ClInclude Include="DataType.h">
      <Filter>头文件</Filter>
    </ClInclude>
    <ClInclude Include="Event.h">
      <Filter>头文件</Filter>
    </ClInclude>
    <ClInclude Include="File.h">
      <Filter>头文件</Filter>
    </ClInclude>
    <ClInclude Include="GlobalVariable.h">
      <Filter>头文件</Filter>
    </ClInclude>
    <ClInclude Include="indicators.h">
      <Filter>头文件</Filter>
    </ClInclude>
    <ClInclude Include="MarketInfo.h">
      <Filter>头文件</Filter>
    </ClInclude>
    <ClInclude Include="MathTrig.h">
      <Filter>头文件</Filter>
    </ClInclude>
    <ClInclude Include="MQLLibrary.h">
      <Filter>头文件</Filter>
    </ClInclude>
    <ClInclude Include="objects.h">
      <Filter>头文件</Filter>
    </ClInclude>
    <ClInclude Include="Optimization.h">
      <Filter>头文件</Filter>
    </ClInclude>
    <ClInclude Include="PriceInfo.h">
      <Filter>头文件</Filter>
    </ClInclude>
    <ClInclude Include="stderror.h">
      <Filter>头文件</Filter>
    </ClInclude>
    <ClInclude Include="stdlib.h">
      <Filter>头文件</Filter>
    </ClInclude>
    <ClInclude Include="string.h">
      <Filter>头文件</Filter>
    </ClInclude>
    <ClInclude Include="Terminal.h">
      <Filter>头文件</Filter>
    </ClInclude>
    <ClInclude Include="Time.h">
      <Filter>头文件</Filter>
    </ClInclude>
    <ClInclude Include="TradeSignals.h">
      <Filter>头文件</Filter>
    </ClInclude>
    <ClInclude Include="WindowInfo.h">
      <Filter>头文件</Filter>
    </ClInclude>
    <ClInclude Include="WinUser32.h">
      <Filter>头文件</Filter>
    </ClInclude>
    <ClInclude Include="Framework\standardCPPLibrary.h">
      <Filter>头文件\Framework</Filter>
    </ClInclude>
    <ClInclude Include="Framework\color.h">
      <Filter>头文件\Framework</Filter>
    </ClInclude>
    <ClInclude Include="Trade.h">
      <Filter>头文件</Filter>
    </ClInclude>
  </ItemGroup>
  <ItemGroup>
    <None Include="Arrays\Array.mqh">
      <Filter>头文件\Arrays</Filter>
    </None>
    <None Include="Arrays\ArrayChar.mqh">
      <Filter>头文件\Arrays</Filter>
    </None>
    <None Include="Arrays\ArrayDouble.mqh">
      <Filter>头文件\Arrays</Filter>
    </None>
    <None Include="Arrays\ArrayFloat.mqh">
      <Filter>头文件\Arrays</Filter>
    </None>
    <None Include="Arrays\ArrayInt.mqh">
      <Filter>头文件\Arrays</Filter>
    </None>
    <None Include="Arrays\ArrayLong.mqh">
      <Filter>头文件\Arrays</Filter>
    </None>
    <None Include="Arrays\ArrayObj.mqh">
      <Filter>头文件\Arrays</Filter>
    </None>
    <None Include="Arrays\ArrayShort.mqh">
      <Filter>头文件\Arrays</Filter>
    </None>
    <None Include="Arrays\ArrayString.mqh">
      <Filter>头文件\Arrays</Filter>
    </None>
    <None Include="Arrays\List.mqh">
      <Filter>头文件\Arrays</Filter>
    </None>
    <None Include="Arrays\Tree.mqh">
      <Filter>头文件\Arrays</Filter>
    </None>
    <None Include="Arrays\TreeNode.mqh">
      <Filter>头文件\Arrays</Filter>
    </None>
    <None Include="Canvas\Canvas.mqh">
      <Filter>头文件\Canvas</Filter>
    </None>
    <None Include="ChartObjects\ChartObject.mqh">
      <Filter>头文件\ChartObjects</Filter>
    </None>
    <None Include="ChartObjects\ChartObjectPanel.mqh">
      <Filter>头文件\ChartObjects</Filter>
    </None>
    <None Include="ChartObjects\ChartObjectsArrows.mqh">
      <Filter>头文件\ChartObjects</Filter>
    </None>
    <None Include="ChartObjects\ChartObjectsBmpControls.mqh">
      <Filter>头文件\ChartObjects</Filter>
    </None>
    <None Include="ChartObjects\ChartObjectsChannels.mqh">
      <Filter>头文件\ChartObjects</Filter>
    </None>
    <None Include="ChartObjects\ChartObjectsFibo.mqh">
      <Filter>头文件\ChartObjects</Filter>
    </None>
    <None Include="ChartObjects\ChartObjectsGann.mqh">
      <Filter>头文件\ChartObjects</Filter>
    </None>
    <None Include="ChartObjects\ChartObjectsLines.mqh">
      <Filter>头文件\ChartObjects</Filter>
    </None>
    <None Include="ChartObjects\ChartObjectsShapes.mqh">
      <Filter>头文件\ChartObjects</Filter>
    </None>
    <None Include="ChartObjects\ChartObjectsTxtControls.mqh">
      <Filter>头文件\ChartObjects</Filter>
    </None>
    <None Include="Charts\Chart.mqh">
      <Filter>头文件\Charts</Filter>
    </None>
    <None Include="Controls\BmpButton.mqh">
      <Filter>头文件\Controls</Filter>
    </None>
    <None Include="Controls\Button.mqh">
      <Filter>头文件\Controls</Filter>
    </None>
    <None Include="Controls\CheckBox.mqh">
      <Filter>头文件\Controls</Filter>
    </None>
    <None Include="Controls\CheckGroup.mqh">
      <Filter>头文件\Controls</Filter>
    </None>
    <None Include="Controls\ComboBox.mqh">
      <Filter>头文件\Controls</Filter>
    </None>
    <None Include="Controls\DateDropList.mqh">
      <Filter>头文件\Controls</Filter>
    </None>
    <None Include="Controls\DatePicker.mqh">
      <Filter>头文件\Controls</Filter>
    </None>
    <None Include="Controls\Defines.mqh">
      <Filter>头文件\Controls</Filter>
    </None>
    <None Include="Controls\Dialog.mqh">
      <Filter>头文件\Controls</Filter>
    </None>
    <None Include="Controls\Edit.mqh">
      <Filter>头文件\Controls</Filter>
    </None>
    <None Include="Controls\Label.mqh">
      <Filter>头文件\Controls</Filter>
    </None>
    <None Include="Controls\ListView.mqh">
      <Filter>头文件\Controls</Filter>
    </None>
    <None Include="Controls\Panel.mqh">
      <Filter>头文件\Controls</Filter>
    </None>
    <None Include="Controls\Picture.mqh">
      <Filter>头文件\Controls</Filter>
    </None>
    <None Include="Controls\RadioButton.mqh">
      <Filter>头文件\Controls</Filter>
    </None>
    <None Include="Controls\RadioGroup.mqh">
      <Filter>头文件\Controls</Filter>
    </None>
    <None Include="Controls\Rect.mqh">
      <Filter>头文件\Controls</Filter>
    </None>
    <None Include="Controls\Scrolls.mqh">
      <Filter>头文件\Controls</Filter>
    </None>
    <None Include="Controls\SpinEdit.mqh">
      <Filter>头文件\Controls</Filter>
    </None>
    <None Include="Controls\TimePicker.mqh">
      <Filter>头文件\Controls</Filter>
    </None>
    <None Include="Controls\Wnd.mqh">
      <Filter>头文件\Controls</Filter>
    </None>
    <None Include="Controls\WndClient.mqh">
      <Filter>头文件\Controls</Filter>
    </None>
    <None Include="Controls\WndContainer.mqh">
      <Filter>头文件\Controls</Filter>
    </None>
    <None Include="Controls\WndObj.mqh">
      <Filter>头文件\Controls</Filter>
    </None>
    <None Include="Expert\Money\MoneySizeOptimized.mqh">
      <Filter>头文件\Expert\Money</Filter>
    </None>
    <None Include="Expert\Money\MoneyFixedLot.mqh">
      <Filter>头文件\Expert\Money</Filter>
    </None>
    <None Include="Expert\Money\MoneyFixedMargin.mqh">
      <Filter>头文件\Expert\Money</Filter>
    </None>
    <None Include="Expert\Money\MoneyFixedRisk.mqh">
      <Filter>头文件\Expert\Money</Filter>
    </None>
    <None Include="Expert\Money\MoneyNone.mqh">
      <Filter>头文件\Expert\Money</Filter>
    </None>
    <None Include="Expert\Signal\SignalAC.mqh">
      <Filter>头文件\Expert\Signal</Filter>
    </None>
    <None Include="Expert\Signal\SignalAMA.mqh">
      <Filter>头文件\Expert\Signal</Filter>
    </None>
    <None Include="Expert\Signal\SignalAO.mqh">
      <Filter>头文件\Expert\Signal</Filter>
    </None>
    <None Include="Expert\Signal\SignalBearsPower.mqh">
      <Filter>头文件\Expert\Signal</Filter>
    </None>
    <None Include="Expert\Signal\SignalBullsPower.mqh">
      <Filter>头文件\Expert\Signal</Filter>
    </None>
    <None Include="Expert\Signal\SignalCCI.mqh">
      <Filter>头文件\Expert\Signal</Filter>
    </None>
    <None Include="Expert\Signal\SignalDEMA.mqh">
      <Filter>头文件\Expert\Signal</Filter>
    </None>
    <None Include="Expert\Signal\SignalDeMarker.mqh">
      <Filter>头文件\Expert\Signal</Filter>
    </None>
    <None Include="Expert\Signal\SignalEnvelopes.mqh">
      <Filter>头文件\Expert\Signal</Filter>
    </None>
    <None Include="Expert\Signal\SignalFrAMA.mqh">
      <Filter>头文件\Expert\Signal</Filter>
    </None>
    <None Include="Expert\Signal\SignalITF.mqh">
      <Filter>头文件\Expert\Signal</Filter>
    </None>
    <None Include="Expert\Signal\SignalMA.mqh">
      <Filter>头文件\Expert\Signal</Filter>
    </None>
    <None Include="Expert\Signal\SignalMACD.mqh">
      <Filter>头文件\Expert\Signal</Filter>
    </None>
    <None Include="Expert\Signal\SignalRSI.mqh">
      <Filter>头文件\Expert\Signal</Filter>
    </None>
    <None Include="Expert\Signal\SignalRVI.mqh">
      <Filter>头文件\Expert\Signal</Filter>
    </None>
    <None Include="Expert\Signal\SignalSAR.mqh">
      <Filter>头文件\Expert\Signal</Filter>
    </None>
    <None Include="Expert\Signal\SignalStoch.mqh">
      <Filter>头文件\Expert\Signal</Filter>
    </None>
    <None Include="Expert\Signal\SignalTEMA.mqh">
      <Filter>头文件\Expert\Signal</Filter>
    </None>
    <None Include="Expert\Signal\SignalTRIX.mqh">
      <Filter>头文件\Expert\Signal</Filter>
    </None>
    <None Include="Expert\Signal\SignalWPR.mqh">
      <Filter>头文件\Expert\Signal</Filter>
    </None>
    <None Include="Expert\Trailing\TrailingFixedPips.mqh">
      <Filter>头文件\Expert\Trading</Filter>
    </None>
    <None Include="Expert\Trailing\TrailingMA.mqh">
      <Filter>头文件\Expert\Trading</Filter>
    </None>
    <None Include="Expert\Trailing\TrailingNone.mqh">
      <Filter>头文件\Expert\Trading</Filter>
    </None>
    <None Include="Expert\Trailing\TrailingParabolicSAR.mqh">
      <Filter>头文件\Expert\Trading</Filter>
    </None>
    <None Include="Expert\Expert.mqh">
      <Filter>头文件\Expert</Filter>
    </None>
    <None Include="Expert\ExpertBase.mqh">
      <Filter>头文件\Expert</Filter>
    </None>
    <None Include="Expert\ExpertMoney.mqh">
      <Filter>头文件\Expert</Filter>
    </None>
    <None Include="Expert\ExpertSignal.mqh">
      <Filter>头文件\Expert</Filter>
    </None>
    <None Include="Expert\ExpertTrade.mqh">
      <Filter>头文件\Expert</Filter>
    </None>
    <None Include="Expert\ExpertTrailing.mqh">
      <Filter>头文件\Expert</Filter>
    </None>
    <None Include="Files\File.mqh">
      <Filter>头文件\Files</Filter>
    </None>
    <None Include="Files\FileBin.mqh">
      <Filter>头文件\Files</Filter>
    </None>
    <None Include="Files\FilePipe.mqh">
      <Filter>头文件\Files</Filter>
    </None>
    <None Include="Files\FileTxt.mqh">
      <Filter>头文件\Files</Filter>
    </None>
    <None Include="Indicators\BillWilliams.mqh">
      <Filter>头文件\Indicators</Filter>
    </None>
    <None Include="Indicators\Custom.mqh">
      <Filter>头文件\Indicators</Filter>
    </None>
    <None Include="Indicators\Indicator.mqh">
      <Filter>头文件\Indicators</Filter>
    </None>
    <None Include="Indicators\Indicators.mqh">
      <Filter>头文件\Indicators</Filter>
    </None>
    <None Include="Indicators\Oscilators.mqh">
      <Filter>头文件\Indicators</Filter>
    </None>
    <None Include="Indicators\Series.mqh">
      <Filter>头文件\Indicators</Filter>
    </None>
    <None Include="Indicators\TimeSeries.mqh">
      <Filter>头文件\Indicators</Filter>
    </None>
    <None Include="Indicators\Trend.mqh">
      <Filter>头文件\Indicators</Filter>
    </None>
    <None Include="Indicators\Volumes.mqh">
      <Filter>头文件\Indicators</Filter>
    </None>
    <None Include="Tools\DateTime.mqh">
      <Filter>头文件\Tools</Filter>
    </None>
    <None Include="Strings\String.mqh">
      <Filter>头文件\Strings</Filter>
    </None>
    <None Include="Trade\AccountInfo.mqh">
      <Filter>头文件\Trade</Filter>
    </None>
    <None Include="Trade\DealInfo.mqh">
      <Filter>头文件\Trade</Filter>
    </None>
    <None Include="Trade\HistoryOrderInfo.mqh">
      <Filter>头文件\Trade</Filter>
    </None>
    <None Include="Trade\OrderInfo.mqh">
      <Filter>头文件\Trade</Filter>
    </None>
    <None Include="Trade\PositionInfo.mqh">
      <Filter>头文件\Trade</Filter>
    </None>
    <None Include="Trade\SymbolInfo.mqh">
      <Filter>头文件\Trade</Filter>
    </None>
    <None Include="Trade\TerminalInfo.mqh">
      <Filter>头文件\Trade</Filter>
    </None>
    <None Include="Trade\Trade.mqh">
      <Filter>头文件\Trade</Filter>
    </None>
    <None Include=".gitattributes" />
    <None Include=".gitignore" />
  </ItemGroup>
  <ItemGroup>
    <Text Include="readme.txt" />
  </ItemGroup>
  <ItemGroup>
    <Image Include="Controls\res\CheckBoxOff.bmp">
      <Filter>资源文件</Filter>
    </Image>
    <Image Include="Controls\res\CheckBoxOn.bmp">
      <Filter>资源文件</Filter>
    </Image>
    <Image Include="Controls\res\Close.bmp">
      <Filter>资源文件</Filter>
    </Image>
    <Image Include="Controls\res\CloseDisable.bmp">
      <Filter>资源文件</Filter>
    </Image>
    <Image Include="Controls\res\CloseOff.bmp">
      <Filter>资源文件</Filter>
    </Image>
    <Image Include="Controls\res\CloseOn.bmp">
      <Filter>资源文件</Filter>
    </Image>
    <Image Include="Controls\res\DateDropOff.bmp">
      <Filter>资源文件</Filter>
    </Image>
    <Image Include="Controls\res\DateDropOn.bmp">
      <Filter>资源文件</Filter>
    </Image>
    <Image Include="Controls\res\Down.bmp">
      <Filter>资源文件</Filter>
    </Image>
    <Image Include="Controls\res\down_smoll.bmp">
      <Filter>资源文件</Filter>
    </Image>
    <Image Include="Controls\res\DownDisable.bmp">
      <Filter>资源文件</Filter>
    </Image>
    <Image Include="Controls\res\DownSmall.bmp">
      <Filter>资源文件</Filter>
    </Image>
    <Image Include="Controls\res\DownTransp.bmp">
      <Filter>资源文件</Filter>
    </Image>
    <Image Include="Controls\res\DropOff.bmp">
      <Filter>资源文件</Filter>
    </Image>
    <Image Include="Controls\res\DropOn.bmp">
      <Filter>资源文件</Filter>
    </Image>
    <Image Include="Controls\res\ExpandDisable.bmp">
      <Filter>资源文件</Filter>
    </Image>
    <Image Include="Controls\res\ExpandOff.bmp">
      <Filter>资源文件</Filter>
    </Image>
    <Image Include="Controls\res\ExpandOn.bmp">
      <Filter>资源文件</Filter>
    </Image>
    <Image Include="Controls\res\HelpDisable.bmp">
      <Filter>资源文件</Filter>
    </Image>
    <Image Include="Controls\res\HelpOff.bmp">
      <Filter>资源文件</Filter>
    </Image>
    <Image Include="Controls\res\HelpOn.bmp">
      <Filter>资源文件</Filter>
    </Image>
    <Image Include="Controls\res\Left.bmp">
      <Filter>资源文件</Filter>
    </Image>
    <Image Include="Controls\res\LeftDisable.bmp">
      <Filter>资源文件</Filter>
    </Image>
    <Image Include="Controls\res\LeftTransp.bmp">
      <Filter>资源文件</Filter>
    </Image>
    <Image Include="Controls\res\RadioButtonOff.bmp">
      <Filter>资源文件</Filter>
    </Image>
    <Image Include="Controls\res\RadioButtonOn.bmp">
      <Filter>资源文件</Filter>
    </Image>
    <Image Include="Controls\res\Restore.bmp">
      <Filter>资源文件</Filter>
    </Image>
    <Image Include="Controls\res\RestoreDisable.bmp">
      <Filter>资源文件</Filter>
    </Image>
    <Image Include="Controls\res\RestoreOff.bmp">
      <Filter>资源文件</Filter>
    </Image>
    <Image Include="Controls\res\RestoreOn.bmp">
      <Filter>资源文件</Filter>
    </Image>
    <Image Include="Controls\res\Right.bmp">
      <Filter>资源文件</Filter>
    </Image>
    <Image Include="Controls\res\RightDisable.bmp">
      <Filter>资源文件</Filter>
    </Image>
    <Image Include="Controls\res\RightTransp.bmp">
      <Filter>资源文件</Filter>
    </Image>
    <Image Include="Controls\res\SpinDec.bmp">
      <Filter>资源文件</Filter>
    </Image>
    <Image Include="Controls\res\SpinInc.bmp">
      <Filter>资源文件</Filter>
    </Image>
    <Image Include="Controls\res\ThumbHor.bmp">
      <Filter>资源文件</Filter>
    </Image>
    <Image Include="Controls\res\ThumbHorDisable.bmp">
      <Filter>资源文件</Filter>
    </Image>
    <Image Include="Controls\res\ThumbVert.bmp">
      <Filter>资源文件</Filter>
    </Image>
    <Image Include="Controls\res\ThumbVertDisable.bmp">
      <Filter>资源文件</Filter>
    </Image>
    <Image Include="Controls\res\Turn.bmp">
      <Filter>资源文件</Filter>
    </Image>
    <Image Include="Controls\res\TurnOff.bmp">
      <Filter>资源文件</Filter>
    </Image>
    <Image Include="Controls\res\TurnOn.bmp">
      <Filter>资源文件</Filter>
    </Image>
    <Image Include="Controls\res\Up.bmp">
      <Filter>资源文件</Filter>
    </Image>
    <Image Include="Controls\res\up_smoll.bmp">
      <Filter>资源文件</Filter>
    </Image>
    <Image Include="Controls\res\UpDisable.bmp">
      <Filter>资源文件</Filter>
    </Image>
    <Image Include="Controls\res\UpSmall.bmp">
      <Filter>资源文件</Filter>
    </Image>
    <Image Include="Controls\res\UpTransp.bmp">
      <Filter>资源文件</Filter>
    </Image>
  </ItemGroup>
</Project>