<?xml version="1.0" encoding="utf-8"?>
<Project ToolsVersion="4.0" xmlns="http://schemas.microsoft.com/developer/msbuild/2003">
  <ItemGroup>
    <Filter Include="源文件">
      <UniqueIdentifier>{4FC737F1-C7A5-4376-A066-2A32D752A2FF}</UniqueIdentifier>
      <Extensions>cpp;c;cc;cxx;def;odl;idl;hpj;bat;asm;asmx</Extensions>
    </Filter>
    <Filter Include="头文件">
      <UniqueIdentifier>{93995380-89BD-4b04-88EB-625FBE52EBFB}</UniqueIdentifier>
      <Extensions>h;hh;hpp;hxx;hm;inl;inc;xsd</Extensions>
    </Filter>
    <Filter Include="资源文件">
      <UniqueIdentifier>{67DA6AB6-F800-4c08-8B7A-83BB121AAD01}</UniqueIdentifier>
      <Extensions>rc;ico;cur;bmp;dlg;rc2;rct;bin;rgs;gif;jpg;jpeg;jpe;resx;tiff;tif;png;wav;mfcribbon-ms</Extensions>
    </Filter>
  </ItemGroup>
  <ItemGroup>
    <ClInclude Include="Framework\color.h">
      <Filter>头文件</Filter>
    </ClInclude>
    <ClInclude Include="Framework\Order.h">
      <Filter>头文件</Filter>
    </ClInclude>
    <ClInclude Include="Framework\standardCPPLibrary.h">
      <Filter>头文件</Filter>
    </ClInclude>
    <ClInclude Include="AccountInfo.h">
      <Filter>头文件</Filter>
    </ClInclude>
    <ClInclude Include="ArraySeries.h">
      <Filter>头文件</Filter>
    </ClInclude>
    <ClInclude Include="Chart.h">
      <Filter>头文件</Filter>
    </ClInclude>
    <ClInclude Include="CheckUp.h">
      <Filter>头文件</Filter>
    </ClInclude>
    <ClInclude Include="CommonFun.h">
      <Filter>头文件</Filter>
    </ClInclude>
    <ClInclude Include="ConverType.h">
      <Filter>头文件</Filter>
    </ClInclude>
    <ClInclude Include="CustomInd.h">
      <Filter>头文件</Filter>
    </ClInclude>
    <ClInclude Include="DataStructures.h">
      <Filter>头文件</Filter>
    </ClInclude>
    <ClInclude Include="DataType.h">
      <Filter>头文件</Filter>
    </ClInclude>
    <ClInclude Include="Event.h">
      <Filter>头文件</Filter>
    </ClInclude>
    <ClInclude Include="File.h">
      <Filter>头文件</Filter>
    </ClInclude>
    <ClInclude Include="GlobalVariable.h">
      <Filter>头文件</Filter>
    </ClInclude>
    <ClInclude Include="indicators.h">
      <Filter>头文件</Filter>
    </ClInclude>
    <ClInclude Include="MarketInfo.h">
      <Filter>头文件</Filter>
    </ClInclude>
    <ClInclude Include="MathTrig.h">
      <Filter>头文件</Filter>
    </ClInclude>
    <ClInclude Include="MQLLibrary.h">
      <Filter>头文件</Filter>
    </ClInclude>
    <ClInclude Include="objects.h">
      <Filter>头文件</Filter>
    </ClInclude>
    <ClInclude Include="Optimization.h">
      <Filter>头文件</Filter>
    </ClInclude>
    <ClInclude Include="PriceInfo.h">
      <Filter>头文件</Filter>
    </ClInclude>
    <ClInclude Include="stderror.h">
      <Filter>头文件</Filter>
    </ClInclude>
    <ClInclude Include="stdlib.h">
      <Filter>头文件</Filter>
    </ClInclude>
    <ClInclude Include="string.h">
      <Filter>头文件</Filter>
    </ClInclude>
    <ClInclude Include="Terminal.h">
      <Filter>头文件</Filter>
    </ClInclude>
    <ClInclude Include="Time.h">
      <Filter>头文件</Filter>
    </ClInclude>
    <ClInclude Include="TradeSignals.h">
      <Filter>头文件</Filter>
    </ClInclude>
    <ClInclude Include="Trading.h">
      <Filter>头文件</Filter>
    </ClInclude>
    <ClInclude Include="WindowInfo.h">
      <Filter>头文件</Filter>
    </ClInclude>
    <ClInclude Include="WinUser32.h">
      <Filter>头文件</Filter>
    </ClInclude>
  </ItemGroup>
  <ItemGroup>
    <None Include=".gitattributes" />
    <None Include=".gitignore" />
    <None Include="Object.mqh" />
    <None Include="stdlib.mqh" />
    <None Include="StdLibErr.mqh" />
    <None Include="Arrays\Array.mqh" />
    <None Include="Arrays\ArrayChar.mqh" />
    <None Include="Arrays\ArrayDouble.mqh" />
    <None Include="Arrays\ArrayFloat.mqh" />
    <None Include="Arrays\ArrayInt.mqh" />
    <None Include="Arrays\ArrayLong.mqh" />
    <None Include="Arrays\ArrayObj.mqh" />
    <None Include="Arrays\ArrayShort.mqh" />
    <None Include="Arrays\ArrayString.mqh" />
    <None Include="Arrays\List.mqh" />
    <None Include="Arrays\Tree.mqh" />
    <None Include="Arrays\TreeNode.mqh" />
    <None Include="Canvas\Canvas.mqh" />
    <None Include="Charts\Chart.mqh" />
    <None Include="ChartObjects\ChartObject.mqh" />
    <None Include="ChartObjects\ChartObjectPanel.mqh" />
    <None Include="ChartObjects\ChartObjectsArrows.mqh" />
    <None Include="ChartObjects\ChartObjectsBmpControls.mqh" />
    <None Include="ChartObjects\ChartObjectsChannels.mqh" />
    <None Include="ChartObjects\ChartObjectsFibo.mqh" />
    <None Include="ChartObjects\ChartObjectsGann.mqh" />
    <None Include="ChartObjects\ChartObjectsLines.mqh" />
    <None Include="ChartObjects\ChartObjectsShapes.mqh" />
    <None Include="ChartObjects\ChartObjectsTxtControls.mqh" />
    <None Include="Controls\BmpButton.mqh" />
    <None Include="Controls\Button.mqh" />
    <None Include="Controls\CheckBox.mqh" />
    <None Include="Controls\CheckGroup.mqh" />
    <None Include="Controls\ComboBox.mqh" />
    <None Include="Controls\DateDropList.mqh" />
    <None Include="Controls\DatePicker.mqh" />
    <None Include="Controls\Defines.mqh" />
    <None Include="Controls\Dialog.mqh" />
    <None Include="Controls\Edit.mqh" />
    <None Include="Controls\Label.mqh" />
    <None Include="Controls\ListView.mqh" />
    <None Include="Controls\Panel.mqh" />
    <None Include="Controls\Picture.mqh" />
    <None Include="Controls\RadioButton.mqh" />
    <None Include="Controls\RadioGroup.mqh" />
    <None Include="Controls\Rect.mqh" />
    <None Include="Controls\Scrolls.mqh" />
    <None Include="Controls\SpinEdit.mqh" />
    <None Include="Controls\TimePicker.mqh" />
    <None Include="Controls\Wnd.mqh" />
    <None Include="Controls\WndClient.mqh" />
    <None Include="Controls\WndContainer.mqh" />
    <None Include="Controls\WndObj.mqh" />
    <None Include="Files\File.mqh" />
    <None Include="Files\FileBin.mqh" />
    <None Include="Files\FilePipe.mqh" />
    <None Include="Files\FileTxt.mqh" />
    <None Include="Indicators\BillWilliams.mqh" />
    <None Include="Indicators\Custom.mqh" />
    <None Include="Indicators\Indicator.mqh" />
    <None Include="Indicators\Indicators.mqh" />
    <None Include="Indicators\Oscilators.mqh" />
    <None Include="Indicators\Series.mqh" />
    <None Include="Indicators\TimeSeries.mqh" />
    <None Include="Indicators\Trend.mqh" />
    <None Include="Indicators\Volumes.mqh" />
    <None Include="Strings\String.mqh" />
    <None Include="Expert\Signal\SignalAC.mqh" />
    <None Include="Expert\Signal\SignalAMA.mqh" />
    <None Include="Expert\Signal\SignalAO.mqh" />
    <None Include="Expert\Signal\SignalBearsPower.mqh" />
    <None Include="Expert\Signal\SignalBullsPower.mqh" />
    <None Include="Expert\Signal\SignalCCI.mqh" />
    <None Include="Expert\Signal\SignalDEMA.mqh" />
    <None Include="Expert\Signal\SignalDeMarker.mqh" />
    <None Include="Expert\Signal\SignalEnvelopes.mqh" />
    <None Include="Expert\Signal\SignalFrAMA.mqh" />
    <None Include="Expert\Signal\SignalITF.mqh" />
    <None Include="Expert\Signal\SignalMA.mqh" />
    <None Include="Expert\Signal\SignalMACD.mqh" />
    <None Include="Expert\Signal\SignalRSI.mqh" />
    <None Include="Expert\Signal\SignalRVI.mqh" />
    <None Include="Expert\Signal\SignalSAR.mqh" />
    <None Include="Expert\Signal\SignalStoch.mqh" />
    <None Include="Expert\Signal\SignalTEMA.mqh" />
    <None Include="Expert\Signal\SignalTRIX.mqh" />
    <None Include="Expert\Signal\SignalWPR.mqh" />
    <None Include="Expert\Money\MoneyFixedLot.mqh" />
    <None Include="Expert\Money\MoneyFixedMargin.mqh" />
    <None Include="Expert\Money\MoneyFixedRisk.mqh" />
    <None Include="Expert\Money\MoneyNone.mqh" />
    <None Include="Expert\Money\MoneySizeOptimized.mqh" />
    <None Include="Expert\Expert.mqh" />
    <None Include="Expert\ExpertBase.mqh" />
    <None Include="Expert\ExpertMoney.mqh" />
    <None Include="Expert\ExpertSignal.mqh" />
    <None Include="Expert\ExpertTrade.mqh" />
    <None Include="Expert\ExpertTrailing.mqh" />
    <None Include="Expert\Trailing\TrailingFixedPips.mqh" />
    <None Include="Expert\Trailing\TrailingMA.mqh" />
    <None Include="Expert\Trailing\TrailingNone.mqh" />
    <None Include="Expert\Trailing\TrailingParabolicSAR.mqh" />
    <None Include="Tools\DateTime.mqh" />
    <None Include="Trade\AccountInfo.mqh" />
    <None Include="Trade\DealInfo.mqh" />
    <None Include="Trade\HistoryOrderInfo.mqh" />
    <None Include="Trade\OrderInfo.mqh" />
    <None Include="Trade\PositionInfo.mqh" />
    <None Include="Trade\SymbolInfo.mqh" />
    <None Include="Trade\TerminalInfo.mqh" />
    <None Include="Trade\Trade.mqh" />
  </ItemGroup>
  <ItemGroup>
    <Text Include="puzzle.txt" />
    <Text Include="readme.txt" />
  </ItemGroup>
  <ItemGroup>
    <Image Include="Controls\res\CheckBoxOff.bmp">
      <Filter>资源文件</Filter>
    </Image>
    <Image Include="Controls\res\CheckBoxOn.bmp">
      <Filter>资源文件</Filter>
    </Image>
    <Image Include="Controls\res\Close.bmp">
      <Filter>资源文件</Filter>
    </Image>
    <Image Include="Controls\res\CloseDisable.bmp">
      <Filter>资源文件</Filter>
    </Image>
    <Image Include="Controls\res\CloseOff.bmp">
      <Filter>资源文件</Filter>
    </Image>
    <Image Include="Controls\res\CloseOn.bmp">
      <Filter>资源文件</Filter>
    </Image>
    <Image Include="Controls\res\DateDropOff.bmp">
      <Filter>资源文件</Filter>
    </Image>
    <Image Include="Controls\res\DateDropOn.bmp">
      <Filter>资源文件</Filter>
    </Image>
    <Image Include="Controls\res\Down.bmp">
      <Filter>资源文件</Filter>
    </Image>
    <Image Include="Controls\res\down_smoll.bmp">
      <Filter>资源文件</Filter>
    </Image>
    <Image Include="Controls\res\DownDisable.bmp">
      <Filter>资源文件</Filter>
    </Image>
    <Image Include="Controls\res\DownSmall.bmp">
      <Filter>资源文件</Filter>
    </Image>
    <Image Include="Controls\res\DownTransp.bmp">
      <Filter>资源文件</Filter>
    </Image>
    <Image Include="Controls\res\DropOff.bmp">
      <Filter>资源文件</Filter>
    </Image>
    <Image Include="Controls\res\DropOn.bmp">
      <Filter>资源文件</Filter>
    </Image>
    <Image Include="Controls\res\ExpandDisable.bmp">
      <Filter>资源文件</Filter>
    </Image>
    <Image Include="Controls\res\ExpandOff.bmp">
      <Filter>资源文件</Filter>
    </Image>
    <Image Include="Controls\res\ExpandOn.bmp">
      <Filter>资源文件</Filter>
    </Image>
    <Image Include="Controls\res\HelpDisable.bmp">
      <Filter>资源文件</Filter>
    </Image>
    <Image Include="Controls\res\HelpOff.bmp">
      <Filter>资源文件</Filter>
    </Image>
    <Image Include="Controls\res\HelpOn.bmp">
      <Filter>资源文件</Filter>
    </Image>
    <Image Include="Controls\res\Left.bmp">
      <Filter>资源文件</Filter>
    </Image>
    <Image Include="Controls\res\LeftDisable.bmp">
      <Filter>资源文件</Filter>
    </Image>
    <Image Include="Controls\res\LeftTransp.bmp">
      <Filter>资源文件</Filter>
    </Image>
    <Image Include="Controls\res\RadioButtonOff.bmp">
      <Filter>资源文件</Filter>
    </Image>
    <Image Include="Controls\res\RadioButtonOn.bmp">
      <Filter>资源文件</Filter>
    </Image>
    <Image Include="Controls\res\Restore.bmp">
      <Filter>资源文件</Filter>
    </Image>
    <Image Include="Controls\res\RestoreDisable.bmp">
      <Filter>资源文件</Filter>
    </Image>
    <Image Include="Controls\res\RestoreOff.bmp">
      <Filter>资源文件</Filter>
    </Image>
    <Image Include="Controls\res\RestoreOn.bmp">
      <Filter>资源文件</Filter>
    </Image>
    <Image Include="Controls\res\Right.bmp">
      <Filter>资源文件</Filter>
    </Image>
    <Image Include="Controls\res\RightDisable.bmp">
      <Filter>资源文件</Filter>
    </Image>
    <Image Include="Controls\res\RightTransp.bmp">
      <Filter>资源文件</Filter>
    </Image>
    <Image Include="Controls\res\SpinDec.bmp">
      <Filter>资源文件</Filter>
    </Image>
    <Image Include="Controls\res\SpinInc.bmp">
      <Filter>资源文件</Filter>
    </Image>
    <Image Include="Controls\res\ThumbHor.bmp">
      <Filter>资源文件</Filter>
    </Image>
    <Image Include="Controls\res\ThumbHorDisable.bmp">
      <Filter>资源文件</Filter>
    </Image>
    <Image Include="Controls\res\ThumbVert.bmp">
      <Filter>资源文件</Filter>
    </Image>
    <Image Include="Controls\res\ThumbVertDisable.bmp">
      <Filter>资源文件</Filter>
    </Image>
    <Image Include="Controls\res\Turn.bmp">
      <Filter>资源文件</Filter>
    </Image>
    <Image Include="Controls\res\TurnOff.bmp">
      <Filter>资源文件</Filter>
    </Image>
    <Image Include="Controls\res\TurnOn.bmp">
      <Filter>资源文件</Filter>
    </Image>
    <Image Include="Controls\res\Up.bmp">
      <Filter>资源文件</Filter>
    </Image>
    <Image Include="Controls\res\up_smoll.bmp">
      <Filter>资源文件</Filter>
    </Image>
    <Image Include="Controls\res\UpDisable.bmp">
      <Filter>资源文件</Filter>
    </Image>
    <Image Include="Controls\res\UpSmall.bmp">
      <Filter>资源文件</Filter>
    </Image>
    <Image Include="Controls\res\UpTransp.bmp">
      <Filter>资源文件</Filter>
    </Image>
  </ItemGroup>
</Project>